// !$*UTF8*$!
{
	archiveVersion = 1;
	classes = {
	};
	objectVersion = 50;
	objects = {

/* Begin PBXBuildFile section */
		10765C0C2524AF2E00450042 /* AppDelegate.swift in Sources */ = {isa = PBXBuildFile; fileRef = 10765C0B2524AF2E00450042 /* AppDelegate.swift */; };
		10765C0E2524AF2E00450042 /* SceneDelegate.swift in Sources */ = {isa = PBXBuildFile; fileRef = 10765C0D2524AF2E00450042 /* SceneDelegate.swift */; };
		10765C102524AF2E00450042 /* ContentView.swift in Sources */ = {isa = PBXBuildFile; fileRef = 10765C0F2524AF2E00450042 /* ContentView.swift */; };
		10765C122524AF3000450042 /* Assets.xcassets in Resources */ = {isa = PBXBuildFile; fileRef = 10765C112524AF3000450042 /* Assets.xcassets */; };
		10765C152524AF3000450042 /* Preview Assets.xcassets in Resources */ = {isa = PBXBuildFile; fileRef = 10765C142524AF3000450042 /* Preview Assets.xcassets */; };
		10765C182524AF3000450042 /* LaunchScreen.storyboard in Resources */ = {isa = PBXBuildFile; fileRef = 10765C162524AF3000450042 /* LaunchScreen.storyboard */; };
		10765C232524AF3000450042 /* WidgetsTests.swift in Sources */ = {isa = PBXBuildFile; fileRef = 10765C222524AF3000450042 /* WidgetsTests.swift */; };
		10765C2E2524AF3000450042 /* WidgetsUITests.swift in Sources */ = {isa = PBXBuildFile; fileRef = 10765C2D2524AF3000450042 /* WidgetsUITests.swift */; };
		10765C452524AFE500450042 /* WidgetKit.framework in Frameworks */ = {isa = PBXBuildFile; fileRef = 10765C442524AFE500450042 /* WidgetKit.framework */; };
		10765C472524AFE500450042 /* SwiftUI.framework in Frameworks */ = {isa = PBXBuildFile; fileRef = 10765C462524AFE500450042 /* SwiftUI.framework */; };
		10765C4A2524AFE500450042 /* WidgetsSample.swift in Sources */ = {isa = PBXBuildFile; fileRef = 10765C492524AFE500450042 /* WidgetsSample.swift */; };
		10765C4D2524AFE900450042 /* Assets.xcassets in Resources */ = {isa = PBXBuildFile; fileRef = 10765C4C2524AFE900450042 /* Assets.xcassets */; };
		10765C4F2524AFE900450042 /* WidgetsSample.intentdefinition in Sources */ = {isa = PBXBuildFile; fileRef = 10765C4B2524AFE500450042 /* WidgetsSample.intentdefinition */; };
		10765C502524AFE900450042 /* WidgetsSample.intentdefinition in Sources */ = {isa = PBXBuildFile; fileRef = 10765C4B2524AFE500450042 /* WidgetsSample.intentdefinition */; };
		10765C532524AFE900450042 /* WidgetsSampleExtension.appex in Embed App Extensions */ = {isa = PBXBuildFile; fileRef = 10765C422524AFE500450042 /* WidgetsSampleExtension.appex */; settings = {ATTRIBUTES = (RemoveHeadersOnCopy, ); }; };
/* End PBXBuildFile section */

/* Begin PBXContainerItemProxy section */
		10765C1F2524AF3000450042 /* PBXContainerItemProxy */ = {
			isa = PBXContainerItemProxy;
			containerPortal = 10765C002524AF2E00450042 /* Project object */;
			proxyType = 1;
			remoteGlobalIDString = 10765C072524AF2E00450042;
			remoteInfo = Widgets;
		};
		10765C2A2524AF3000450042 /* PBXContainerItemProxy */ = {
			isa = PBXContainerItemProxy;
			containerPortal = 10765C002524AF2E00450042 /* Project object */;
			proxyType = 1;
			remoteGlobalIDString = 10765C072524AF2E00450042;
			remoteInfo = Widgets;
		};
		10765C512524AFE900450042 /* PBXContainerItemProxy */ = {
			isa = PBXContainerItemProxy;
			containerPortal = 10765C002524AF2E00450042 /* Project object */;
			proxyType = 1;
			remoteGlobalIDString = 10765C412524AFE500450042;
			remoteInfo = WidgetsSampleExtension;
		};
/* End PBXContainerItemProxy section */

/* Begin PBXCopyFilesBuildPhase section */
		10765C572524AFE900450042 /* Embed App Extensions */ = {
			isa = PBXCopyFilesBuildPhase;
			buildActionMask = 2147483647;
			dstPath = "";
			dstSubfolderSpec = 13;
			files = (
				10765C532524AFE900450042 /* WidgetsSampleExtension.appex in Embed App Extensions */,
			);
			name = "Embed App Extensions";
			runOnlyForDeploymentPostprocessing = 0;
		};
/* End PBXCopyFilesBuildPhase section */

/* Begin PBXFileReference section */
		10765C082524AF2E00450042 /* Widgets.app */ = {isa = PBXFileReference; explicitFileType = wrapper.application; includeInIndex = 0; path = Widgets.app; sourceTree = BUILT_PRODUCTS_DIR; };
		10765C0B2524AF2E00450042 /* AppDelegate.swift */ = {isa = PBXFileReference; lastKnownFileType = sourcecode.swift; path = AppDelegate.swift; sourceTree = "<group>"; };
		10765C0D2524AF2E00450042 /* SceneDelegate.swift */ = {isa = PBXFileReference; lastKnownFileType = sourcecode.swift; path = SceneDelegate.swift; sourceTree = "<group>"; };
		10765C0F2524AF2E00450042 /* ContentView.swift */ = {isa = PBXFileReference; lastKnownFileType = sourcecode.swift; path = ContentView.swift; sourceTree = "<group>"; };
		10765C112524AF3000450042 /* Assets.xcassets */ = {isa = PBXFileReference; lastKnownFileType = folder.assetcatalog; path = Assets.xcassets; sourceTree = "<group>"; };
		10765C142524AF3000450042 /* Preview Assets.xcassets */ = {isa = PBXFileReference; lastKnownFileType = folder.assetcatalog; path = "Preview Assets.xcassets"; sourceTree = "<group>"; };
		10765C172524AF3000450042 /* Base */ = {isa = PBXFileReference; lastKnownFileType = file.storyboard; name = Base; path = Base.lproj/LaunchScreen.storyboard; sourceTree = "<group>"; };
		10765C192524AF3000450042 /* Info.plist */ = {isa = PBXFileReference; lastKnownFileType = text.plist.xml; path = Info.plist; sourceTree = "<group>"; };
		10765C1E2524AF3000450042 /* WidgetsTests.xctest */ = {isa = PBXFileReference; explicitFileType = wrapper.cfbundle; includeInIndex = 0; path = WidgetsTests.xctest; sourceTree = BUILT_PRODUCTS_DIR; };
		10765C222524AF3000450042 /* WidgetsTests.swift */ = {isa = PBXFileReference; lastKnownFileType = sourcecode.swift; path = WidgetsTests.swift; sourceTree = "<group>"; };
		10765C242524AF3000450042 /* Info.plist */ = {isa = PBXFileReference; lastKnownFileType = text.plist.xml; path = Info.plist; sourceTree = "<group>"; };
		10765C292524AF3000450042 /* WidgetsUITests.xctest */ = {isa = PBXFileReference; explicitFileType = wrapper.cfbundle; includeInIndex = 0; path = WidgetsUITests.xctest; sourceTree = BUILT_PRODUCTS_DIR; };
		10765C2D2524AF3000450042 /* WidgetsUITests.swift */ = {isa = PBXFileReference; lastKnownFileType = sourcecode.swift; path = WidgetsUITests.swift; sourceTree = "<group>"; };
		10765C2F2524AF3000450042 /* Info.plist */ = {isa = PBXFileReference; lastKnownFileType = text.plist.xml; path = Info.plist; sourceTree = "<group>"; };
		10765C422524AFE500450042 /* WidgetsSampleExtension.appex */ = {isa = PBXFileReference; explicitFileType = "wrapper.app-extension"; includeInIndex = 0; path = WidgetsSampleExtension.appex; sourceTree = BUILT_PRODUCTS_DIR; };
		10765C442524AFE500450042 /* WidgetKit.framework */ = {isa = PBXFileReference; lastKnownFileType = wrapper.framework; name = WidgetKit.framework; path = System/Library/Frameworks/WidgetKit.framework; sourceTree = SDKROOT; };
		10765C462524AFE500450042 /* SwiftUI.framework */ = {isa = PBXFileReference; lastKnownFileType = wrapper.framework; name = SwiftUI.framework; path = System/Library/Frameworks/SwiftUI.framework; sourceTree = SDKROOT; };
		10765C492524AFE500450042 /* WidgetsSample.swift */ = {isa = PBXFileReference; lastKnownFileType = sourcecode.swift; path = WidgetsSample.swift; sourceTree = "<group>"; };
		10765C4B2524AFE500450042 /* WidgetsSample.intentdefinition */ = {isa = PBXFileReference; lastKnownFileType = file.intentdefinition; path = WidgetsSample.intentdefinition; sourceTree = "<group>"; };
		10765C4C2524AFE900450042 /* Assets.xcassets */ = {isa = PBXFileReference; lastKnownFileType = folder.assetcatalog; path = Assets.xcassets; sourceTree = "<group>"; };
		10765C4E2524AFE900450042 /* Info.plist */ = {isa = PBXFileReference; lastKnownFileType = text.plist.xml; path = Info.plist; sourceTree = "<group>"; };
/* End PBXFileReference section */

/* Begin PBXFrameworksBuildPhase section */
		10765C052524AF2E00450042 /* Frameworks */ = {
			isa = PBXFrameworksBuildPhase;
			buildActionMask = 2147483647;
			files = (
			);
			runOnlyForDeploymentPostprocessing = 0;
		};
		10765C1B2524AF3000450042 /* Frameworks */ = {
			isa = PBXFrameworksBuildPhase;
			buildActionMask = 2147483647;
			files = (
			);
			runOnlyForDeploymentPostprocessing = 0;
		};
		10765C262524AF3000450042 /* Frameworks */ = {
			isa = PBXFrameworksBuildPhase;
			buildActionMask = 2147483647;
			files = (
			);
			runOnlyForDeploymentPostprocessing = 0;
		};
		10765C3F2524AFE500450042 /* Frameworks */ = {
			isa = PBXFrameworksBuildPhase;
			buildActionMask = 2147483647;
			files = (
				10765C472524AFE500450042 /* SwiftUI.framework in Frameworks */,
				10765C452524AFE500450042 /* WidgetKit.framework in Frameworks */,
			);
			runOnlyForDeploymentPostprocessing = 0;
		};
/* End PBXFrameworksBuildPhase section */

/* Begin PBXGroup section */
		10765BFF2524AF2E00450042 = {
			isa = PBXGroup;
			children = (
				10765C0A2524AF2E00450042 /* Widgets */,
				10765C212524AF3000450042 /* WidgetsTests */,
				10765C2C2524AF3000450042 /* WidgetsUITests */,
				10765C482524AFE500450042 /* WidgetsSample */,
				10765C432524AFE500450042 /* Frameworks */,
				10765C092524AF2E00450042 /* Products */,
			);
			sourceTree = "<group>";
		};
		10765C092524AF2E00450042 /* Products */ = {
			isa = PBXGroup;
			children = (
				10765C082524AF2E00450042 /* Widgets.app */,
				10765C1E2524AF3000450042 /* WidgetsTests.xctest */,
				10765C292524AF3000450042 /* WidgetsUITests.xctest */,
				10765C422524AFE500450042 /* WidgetsSampleExtension.appex */,
			);
			name = Products;
			sourceTree = "<group>";
		};
		10765C0A2524AF2E00450042 /* Widgets */ = {
			isa = PBXGroup;
			children = (
				10765C0B2524AF2E00450042 /* AppDelegate.swift */,
				10765C0D2524AF2E00450042 /* SceneDelegate.swift */,
				10765C0F2524AF2E00450042 /* ContentView.swift */,
				10765C112524AF3000450042 /* Assets.xcassets */,
				10765C162524AF3000450042 /* LaunchScreen.storyboard */,
				10765C192524AF3000450042 /* Info.plist */,
				10765C132524AF3000450042 /* Preview Content */,
			);
			path = Widgets;
			sourceTree = "<group>";
		};
		10765C132524AF3000450042 /* Preview Content */ = {
			isa = PBXGroup;
			children = (
				10765C142524AF3000450042 /* Preview Assets.xcassets */,
			);
			path = "Preview Content";
			sourceTree = "<group>";
		};
		10765C212524AF3000450042 /* WidgetsTests */ = {
			isa = PBXGroup;
			children = (
				10765C222524AF3000450042 /* WidgetsTests.swift */,
				10765C242524AF3000450042 /* Info.plist */,
			);
			path = WidgetsTests;
			sourceTree = "<group>";
		};
		10765C2C2524AF3000450042 /* WidgetsUITests */ = {
			isa = PBXGroup;
			children = (
				10765C2D2524AF3000450042 /* WidgetsUITests.swift */,
				10765C2F2524AF3000450042 /* Info.plist */,
			);
			path = WidgetsUITests;
			sourceTree = "<group>";
		};
		10765C432524AFE500450042 /* Frameworks */ = {
			isa = PBXGroup;
			children = (
				10765C442524AFE500450042 /* WidgetKit.framework */,
				10765C462524AFE500450042 /* SwiftUI.framework */,
			);
			name = Frameworks;
			sourceTree = "<group>";
		};
		10765C482524AFE500450042 /* WidgetsSample */ = {
			isa = PBXGroup;
			children = (
				10765C492524AFE500450042 /* WidgetsSample.swift */,
				10765C4B2524AFE500450042 /* WidgetsSample.intentdefinition */,
				10765C4C2524AFE900450042 /* Assets.xcassets */,
				10765C4E2524AFE900450042 /* Info.plist */,
			);
			path = WidgetsSample;
			sourceTree = "<group>";
		};
/* End PBXGroup section */

/* Begin PBXNativeTarget section */
		10765C072524AF2E00450042 /* Widgets */ = {
			isa = PBXNativeTarget;
			buildConfigurationList = 10765C322524AF3000450042 /* Build configuration list for PBXNativeTarget "Widgets" */;
			buildPhases = (
				10765C042524AF2E00450042 /* Sources */,
				10765C052524AF2E00450042 /* Frameworks */,
				10765C062524AF2E00450042 /* Resources */,
				10765C572524AFE900450042 /* Embed App Extensions */,
			);
			buildRules = (
			);
			dependencies = (
				10765C522524AFE900450042 /* PBXTargetDependency */,
			);
			name = Widgets;
			productName = Widgets;
			productReference = 10765C082524AF2E00450042 /* Widgets.app */;
			productType = "com.apple.product-type.application";
		};
		10765C1D2524AF3000450042 /* WidgetsTests */ = {
			isa = PBXNativeTarget;
			buildConfigurationList = 10765C352524AF3000450042 /* Build configuration list for PBXNativeTarget "WidgetsTests" */;
			buildPhases = (
				10765C1A2524AF3000450042 /* Sources */,
				10765C1B2524AF3000450042 /* Frameworks */,
				10765C1C2524AF3000450042 /* Resources */,
			);
			buildRules = (
			);
			dependencies = (
				10765C202524AF3000450042 /* PBXTargetDependency */,
			);
			name = WidgetsTests;
			productName = WidgetsTests;
			productReference = 10765C1E2524AF3000450042 /* WidgetsTests.xctest */;
			productType = "com.apple.product-type.bundle.unit-test";
		};
		10765C282524AF3000450042 /* WidgetsUITests */ = {
			isa = PBXNativeTarget;
			buildConfigurationList = 10765C382524AF3000450042 /* Build configuration list for PBXNativeTarget "WidgetsUITests" */;
			buildPhases = (
				10765C252524AF3000450042 /* Sources */,
				10765C262524AF3000450042 /* Frameworks */,
				10765C272524AF3000450042 /* Resources */,
			);
			buildRules = (
			);
			dependencies = (
				10765C2B2524AF3000450042 /* PBXTargetDependency */,
			);
			name = WidgetsUITests;
			productName = WidgetsUITests;
			productReference = 10765C292524AF3000450042 /* WidgetsUITests.xctest */;
			productType = "com.apple.product-type.bundle.ui-testing";
		};
		10765C412524AFE500450042 /* WidgetsSampleExtension */ = {
			isa = PBXNativeTarget;
			buildConfigurationList = 10765C542524AFE900450042 /* Build configuration list for PBXNativeTarget "WidgetsSampleExtension" */;
			buildPhases = (
				10765C3E2524AFE500450042 /* Sources */,
				10765C3F2524AFE500450042 /* Frameworks */,
				10765C402524AFE500450042 /* Resources */,
			);
			buildRules = (
			);
			dependencies = (
			);
			name = WidgetsSampleExtension;
			productName = WidgetsSampleExtension;
			productReference = 10765C422524AFE500450042 /* WidgetsSampleExtension.appex */;
			productType = "com.apple.product-type.app-extension";
		};
/* End PBXNativeTarget section */

/* Begin PBXProject section */
		10765C002524AF2E00450042 /* Project object */ = {
			isa = PBXProject;
			attributes = {
				LastSwiftUpdateCheck = 1200;
				LastUpgradeCheck = 1200;
				TargetAttributes = {
					10765C072524AF2E00450042 = {
						CreatedOnToolsVersion = 12.0;
					};
					10765C1D2524AF3000450042 = {
						CreatedOnToolsVersion = 12.0;
						TestTargetID = 10765C072524AF2E00450042;
					};
					10765C282524AF3000450042 = {
						CreatedOnToolsVersion = 12.0;
						TestTargetID = 10765C072524AF2E00450042;
					};
					10765C412524AFE500450042 = {
						CreatedOnToolsVersion = 12.0;
					};
				};
			};
			buildConfigurationList = 10765C032524AF2E00450042 /* Build configuration list for PBXProject "Widgets" */;
			compatibilityVersion = "Xcode 9.3";
			developmentRegion = en;
			hasScannedForEncodings = 0;
			knownRegions = (
				en,
				Base,
			);
			mainGroup = 10765BFF2524AF2E00450042;
			productRefGroup = 10765C092524AF2E00450042 /* Products */;
			projectDirPath = "";
			projectRoot = "";
			targets = (
				10765C072524AF2E00450042 /* Widgets */,
				10765C1D2524AF3000450042 /* WidgetsTests */,
				10765C282524AF3000450042 /* WidgetsUITests */,
				10765C412524AFE500450042 /* WidgetsSampleExtension */,
			);
		};
/* End PBXProject section */

/* Begin PBXResourcesBuildPhase section */
		10765C062524AF2E00450042 /* Resources */ = {
			isa = PBXResourcesBuildPhase;
			buildActionMask = 2147483647;
			files = (
				10765C182524AF3000450042 /* LaunchScreen.storyboard in Resources */,
				10765C152524AF3000450042 /* Preview Assets.xcassets in Resources */,
				10765C122524AF3000450042 /* Assets.xcassets in Resources */,
			);
			runOnlyForDeploymentPostprocessing = 0;
		};
		10765C1C2524AF3000450042 /* Resources */ = {
			isa = PBXResourcesBuildPhase;
			buildActionMask = 2147483647;
			files = (
			);
			runOnlyForDeploymentPostprocessing = 0;
		};
		10765C272524AF3000450042 /* Resources */ = {
			isa = PBXResourcesBuildPhase;
			buildActionMask = 2147483647;
			files = (
			);
			runOnlyForDeploymentPostprocessing = 0;
		};
		10765C402524AFE500450042 /* Resources */ = {
			isa = PBXResourcesBuildPhase;
			buildActionMask = 2147483647;
			files = (
				10765C4D2524AFE900450042 /* Assets.xcassets in Resources */,
			);
			runOnlyForDeploymentPostprocessing = 0;
		};
/* End PBXResourcesBuildPhase section */

/* Begin PBXSourcesBuildPhase section */
		10765C042524AF2E00450042 /* Sources */ = {
			isa = PBXSourcesBuildPhase;
			buildActionMask = 2147483647;
			files = (
				10765C502524AFE900450042 /* WidgetsSample.intentdefinition in Sources */,
				10765C0C2524AF2E00450042 /* AppDelegate.swift in Sources */,
				10765C0E2524AF2E00450042 /* SceneDelegate.swift in Sources */,
				10765C102524AF2E00450042 /* ContentView.swift in Sources */,
			);
			runOnlyForDeploymentPostprocessing = 0;
		};
		10765C1A2524AF3000450042 /* Sources */ = {
			isa = PBXSourcesBuildPhase;
			buildActionMask = 2147483647;
			files = (
				10765C232524AF3000450042 /* WidgetsTests.swift in Sources */,
			);
			runOnlyForDeploymentPostprocessing = 0;
		};
		10765C252524AF3000450042 /* Sources */ = {
			isa = PBXSourcesBuildPhase;
			buildActionMask = 2147483647;
			files = (
				10765C2E2524AF3000450042 /* WidgetsUITests.swift in Sources */,
			);
			runOnlyForDeploymentPostprocessing = 0;
		};
		10765C3E2524AFE500450042 /* Sources */ = {
			isa = PBXSourcesBuildPhase;
			buildActionMask = 2147483647;
			files = (
				10765C4F2524AFE900450042 /* WidgetsSample.intentdefinition in Sources */,
				10765C4A2524AFE500450042 /* WidgetsSample.swift in Sources */,
			);
			runOnlyForDeploymentPostprocessing = 0;
		};
/* End PBXSourcesBuildPhase section */

/* Begin PBXTargetDependency section */
		10765C202524AF3000450042 /* PBXTargetDependency */ = {
			isa = PBXTargetDependency;
			target = 10765C072524AF2E00450042 /* Widgets */;
			targetProxy = 10765C1F2524AF3000450042 /* PBXContainerItemProxy */;
		};
		10765C2B2524AF3000450042 /* PBXTargetDependency */ = {
			isa = PBXTargetDependency;
			target = 10765C072524AF2E00450042 /* Widgets */;
			targetProxy = 10765C2A2524AF3000450042 /* PBXContainerItemProxy */;
		};
		10765C522524AFE900450042 /* PBXTargetDependency */ = {
			isa = PBXTargetDependency;
			target = 10765C412524AFE500450042 /* WidgetsSampleExtension */;
			targetProxy = 10765C512524AFE900450042 /* PBXContainerItemProxy */;
		};
/* End PBXTargetDependency section */

/* Begin PBXVariantGroup section */
		10765C162524AF3000450042 /* LaunchScreen.storyboard */ = {
			isa = PBXVariantGroup;
			children = (
				10765C172524AF3000450042 /* Base */,
			);
			name = LaunchScreen.storyboard;
			sourceTree = "<group>";
		};
/* End PBXVariantGroup section */

/* Begin XCBuildConfiguration section */
		10765C302524AF3000450042 /* Debug */ = {
			isa = XCBuildConfiguration;
			buildSettings = {
				ALWAYS_SEARCH_USER_PATHS = NO;
				CLANG_ANALYZER_NONNULL = YES;
				CLANG_ANALYZER_NUMBER_OBJECT_CONVERSION = YES_AGGRESSIVE;
				CLANG_CXX_LANGUAGE_STANDARD = "gnu++14";
				CLANG_CXX_LIBRARY = "libc++";
				CLANG_ENABLE_MODULES = YES;
				CLANG_ENABLE_OBJC_ARC = YES;
				CLANG_ENABLE_OBJC_WEAK = YES;
				CLANG_WARN_BLOCK_CAPTURE_AUTORELEASING = YES;
				CLANG_WARN_BOOL_CONVERSION = YES;
				CLANG_WARN_COMMA = YES;
				CLANG_WARN_CONSTANT_CONVERSION = YES;
				CLANG_WARN_DEPRECATED_OBJC_IMPLEMENTATIONS = YES;
				CLANG_WARN_DIRECT_OBJC_ISA_USAGE = YES_ERROR;
				CLANG_WARN_DOCUMENTATION_COMMENTS = YES;
				CLANG_WARN_EMPTY_BODY = YES;
				CLANG_WARN_ENUM_CONVERSION = YES;
				CLANG_WARN_INFINITE_RECURSION = YES;
				CLANG_WARN_INT_CONVERSION = YES;
				CLANG_WARN_NON_LITERAL_NULL_CONVERSION = YES;
				CLANG_WARN_OBJC_IMPLICIT_RETAIN_SELF = YES;
				CLANG_WARN_OBJC_LITERAL_CONVERSION = YES;
				CLANG_WARN_OBJC_ROOT_CLASS = YES_ERROR;
				CLANG_WARN_QUOTED_INCLUDE_IN_FRAMEWORK_HEADER = YES;
				CLANG_WARN_RANGE_LOOP_ANALYSIS = YES;
				CLANG_WARN_STRICT_PROTOTYPES = YES;
				CLANG_WARN_SUSPICIOUS_MOVE = YES;
				CLANG_WARN_UNGUARDED_AVAILABILITY = YES_AGGRESSIVE;
				CLANG_WARN_UNREACHABLE_CODE = YES;
				CLANG_WARN__DUPLICATE_METHOD_MATCH = YES;
				COPY_PHASE_STRIP = NO;
				DEBUG_INFORMATION_FORMAT = dwarf;
				ENABLE_STRICT_OBJC_MSGSEND = YES;
				ENABLE_TESTABILITY = YES;
				GCC_C_LANGUAGE_STANDARD = gnu11;
				GCC_DYNAMIC_NO_PIC = NO;
				GCC_NO_COMMON_BLOCKS = YES;
				GCC_OPTIMIZATION_LEVEL = 0;
				GCC_PREPROCESSOR_DEFINITIONS = (
					"DEBUG=1",
					"$(inherited)",
				);
				GCC_WARN_64_TO_32_BIT_CONVERSION = YES;
				GCC_WARN_ABOUT_RETURN_TYPE = YES_ERROR;
				GCC_WARN_UNDECLARED_SELECTOR = YES;
				GCC_WARN_UNINITIALIZED_AUTOS = YES_AGGRESSIVE;
				GCC_WARN_UNUSED_FUNCTION = YES;
				GCC_WARN_UNUSED_VARIABLE = YES;
				IPHONEOS_DEPLOYMENT_TARGET = 14.0;
				MTL_ENABLE_DEBUG_INFO = INCLUDE_SOURCE;
				MTL_FAST_MATH = YES;
				ONLY_ACTIVE_ARCH = YES;
				SDKROOT = iphoneos;
				SWIFT_ACTIVE_COMPILATION_CONDITIONS = DEBUG;
				SWIFT_OPTIMIZATION_LEVEL = "-Onone";
			};
			name = Debug;
		};
		10765C312524AF3000450042 /* Release */ = {
			isa = XCBuildConfiguration;
			buildSettings = {
				ALWAYS_SEARCH_USER_PATHS = NO;
				CLANG_ANALYZER_NONNULL = YES;
				CLANG_ANALYZER_NUMBER_OBJECT_CONVERSION = YES_AGGRESSIVE;
				CLANG_CXX_LANGUAGE_STANDARD = "gnu++14";
				CLANG_CXX_LIBRARY = "libc++";
				CLANG_ENABLE_MODULES = YES;
				CLANG_ENABLE_OBJC_ARC = YES;
				CLANG_ENABLE_OBJC_WEAK = YES;
				CLANG_WARN_BLOCK_CAPTURE_AUTORELEASING = YES;
				CLANG_WARN_BOOL_CONVERSION = YES;
				CLANG_WARN_COMMA = YES;
				CLANG_WARN_CONSTANT_CONVERSION = YES;
				CLANG_WARN_DEPRECATED_OBJC_IMPLEMENTATIONS = YES;
				CLANG_WARN_DIRECT_OBJC_ISA_USAGE = YES_ERROR;
				CLANG_WARN_DOCUMENTATION_COMMENTS = YES;
				CLANG_WARN_EMPTY_BODY = YES;
				CLANG_WARN_ENUM_CONVERSION = YES;
				CLANG_WARN_INFINITE_RECURSION = YES;
				CLANG_WARN_INT_CONVERSION = YES;
				CLANG_WARN_NON_LITERAL_NULL_CONVERSION = YES;
				CLANG_WARN_OBJC_IMPLICIT_RETAIN_SELF = YES;
				CLANG_WARN_OBJC_LITERAL_CONVERSION = YES;
				CLANG_WARN_OBJC_ROOT_CLASS = YES_ERROR;
				CLANG_WARN_QUOTED_INCLUDE_IN_FRAMEWORK_HEADER = YES;
				CLANG_WARN_RANGE_LOOP_ANALYSIS = YES;
				CLANG_WARN_STRICT_PROTOTYPES = YES;
				CLANG_WARN_SUSPICIOUS_MOVE = YES;
				CLANG_WARN_UNGUARDED_AVAILABILITY = YES_AGGRESSIVE;
				CLANG_WARN_UNREACHABLE_CODE = YES;
				CLANG_WARN__DUPLICATE_METHOD_MATCH = YES;
				COPY_PHASE_STRIP = NO;
				DEBUG_INFORMATION_FORMAT = "dwarf-with-dsym";
				ENABLE_NS_ASSERTIONS = NO;
				ENABLE_STRICT_OBJC_MSGSEND = YES;
				GCC_C_LANGUAGE_STANDARD = gnu11;
				GCC_NO_COMMON_BLOCKS = YES;
				GCC_WARN_64_TO_32_BIT_CONVERSION = YES;
				GCC_WARN_ABOUT_RETURN_TYPE = YES_ERROR;
				GCC_WARN_UNDECLARED_SELECTOR = YES;
				GCC_WARN_UNINITIALIZED_AUTOS = YES_AGGRESSIVE;
				GCC_WARN_UNUSED_FUNCTION = YES;
				GCC_WARN_UNUSED_VARIABLE = YES;
				IPHONEOS_DEPLOYMENT_TARGET = 14.0;
				MTL_ENABLE_DEBUG_INFO = NO;
				MTL_FAST_MATH = YES;
				SDKROOT = iphoneos;
				SWIFT_COMPILATION_MODE = wholemodule;
				SWIFT_OPTIMIZATION_LEVEL = "-O";
				VALIDATE_PRODUCT = YES;
			};
			name = Release;
		};
		10765C332524AF3000450042 /* Debug */ = {
			isa = XCBuildConfiguration;
			buildSettings = {
				ALWAYS_EMBED_SWIFT_STANDARD_LIBRARIES = YES;
				ASSETCATALOG_COMPILER_APPICON_NAME = AppIcon;
				ASSETCATALOG_COMPILER_GLOBAL_ACCENT_COLOR_NAME = AccentColor;
				CODE_SIGN_STYLE = Automatic;
				DEVELOPMENT_ASSET_PATHS = "\"Widgets/Preview Content\"";
				ENABLE_PREVIEWS = YES;
				INFOPLIST_FILE = Widgets/Info.plist;
				LD_RUNPATH_SEARCH_PATHS = (
					"$(inherited)",
					"@executable_path/Frameworks",
				);
				PRODUCT_BUNDLE_IDENTIFIER = com.mohammed.Widgets;
				PRODUCT_NAME = "$(TARGET_NAME)";
				SWIFT_VERSION = 5.0;
				TARGETED_DEVICE_FAMILY = "1,2";
			};
			name = Debug;
		};
		10765C342524AF3000450042 /* Release */ = {
			isa = XCBuildConfiguration;
			buildSettings = {
				ALWAYS_EMBED_SWIFT_STANDARD_LIBRARIES = YES;
				ASSETCATALOG_COMPILER_APPICON_NAME = AppIcon;
				ASSETCATALOG_COMPILER_GLOBAL_ACCENT_COLOR_NAME = AccentColor;
				CODE_SIGN_STYLE = Automatic;
				DEVELOPMENT_ASSET_PATHS = "\"Widgets/Preview Content\"";
				ENABLE_PREVIEWS = YES;
				INFOPLIST_FILE = Widgets/Info.plist;
				LD_RUNPATH_SEARCH_PATHS = (
					"$(inherited)",
					"@executable_path/Frameworks",
				);
				PRODUCT_BUNDLE_IDENTIFIER = com.mohammed.Widgets;
				PRODUCT_NAME = "$(TARGET_NAME)";
				SWIFT_VERSION = 5.0;
				TARGETED_DEVICE_FAMILY = "1,2";
			};
			name = Release;
		};
		10765C362524AF3000450042 /* Debug */ = {
			isa = XCBuildConfiguration;
			buildSettings = {
				ALWAYS_EMBED_SWIFT_STANDARD_LIBRARIES = YES;
				BUNDLE_LOADER = "$(TEST_HOST)";
				CODE_SIGN_STYLE = Automatic;
				INFOPLIST_FILE = WidgetsTests/Info.plist;
				IPHONEOS_DEPLOYMENT_TARGET = 14.0;
				LD_RUNPATH_SEARCH_PATHS = (
					"$(inherited)",
					"@executable_path/Frameworks",
					"@loader_path/Frameworks",
				);
				PRODUCT_BUNDLE_IDENTIFIER = com.mohammed.WidgetsTests;
				PRODUCT_NAME = "$(TARGET_NAME)";
				SWIFT_VERSION = 5.0;
				TARGETED_DEVICE_FAMILY = "1,2";
				TEST_HOST = "$(BUILT_PRODUCTS_DIR)/Widgets.app/Widgets";
			};
			name = Debug;
		};
		10765C372524AF3000450042 /* Release */ = {
			isa = XCBuildConfiguration;
			buildSettings = {
				ALWAYS_EMBED_SWIFT_STANDARD_LIBRARIES = YES;
				BUNDLE_LOADER = "$(TEST_HOST)";
				CODE_SIGN_STYLE = Automatic;
				INFOPLIST_FILE = WidgetsTests/Info.plist;
				IPHONEOS_DEPLOYMENT_TARGET = 14.0;
				LD_RUNPATH_SEARCH_PATHS = (
					"$(inherited)",
					"@executable_path/Frameworks",
					"@loader_path/Frameworks",
				);
				PRODUCT_BUNDLE_IDENTIFIER = com.mohammed.WidgetsTests;
				PRODUCT_NAME = "$(TARGET_NAME)";
				SWIFT_VERSION = 5.0;
				TARGETED_DEVICE_FAMILY = "1,2";
				TEST_HOST = "$(BUILT_PRODUCTS_DIR)/Widgets.app/Widgets";
			};
			name = Release;
		};
		10765C392524AF3000450042 /* Debug */ = {
			isa = XCBuildConfiguration;
			buildSettings = {
				ALWAYS_EMBED_SWIFT_STANDARD_LIBRARIES = YES;
				CODE_SIGN_STYLE = Automatic;
				INFOPLIST_FILE = WidgetsUITests/Info.plist;
				LD_RUNPATH_SEARCH_PATHS = (
					"$(inherited)",
					"@executable_path/Frameworks",
					"@loader_path/Frameworks",
				);
				PRODUCT_BUNDLE_IDENTIFIER = com.mohammed.WidgetsUITests;
				PRODUCT_NAME = "$(TARGET_NAME)";
				SWIFT_VERSION = 5.0;
				TARGETED_DEVICE_FAMILY = "1,2";
				TEST_TARGET_NAME = Widgets;
			};
			name = Debug;
		};
		10765C3A2524AF3000450042 /* Release */ = {
			isa = XCBuildConfiguration;
			buildSettings = {
				ALWAYS_EMBED_SWIFT_STANDARD_LIBRARIES = YES;
				CODE_SIGN_STYLE = Automatic;
				INFOPLIST_FILE = WidgetsUITests/Info.plist;
				LD_RUNPATH_SEARCH_PATHS = (
					"$(inherited)",
					"@executable_path/Frameworks",
					"@loader_path/Frameworks",
				);
				PRODUCT_BUNDLE_IDENTIFIER = com.mohammed.WidgetsUITests;
				PRODUCT_NAME = "$(TARGET_NAME)";
				SWIFT_VERSION = 5.0;
				TARGETED_DEVICE_FAMILY = "1,2";
				TEST_TARGET_NAME = Widgets;
			};
			name = Release;
		};
		10765C552524AFE900450042 /* Debug */ = {
			isa = XCBuildConfiguration;
			buildSettings = {
				ASSETCATALOG_COMPILER_GLOBAL_ACCENT_COLOR_NAME = AccentColor;
				ASSETCATALOG_COMPILER_WIDGET_BACKGROUND_COLOR_NAME = WidgetBackground;
				CODE_SIGN_STYLE = Automatic;
				INFOPLIST_FILE = WidgetsSample/Info.plist;
				LD_RUNPATH_SEARCH_PATHS = (
					"$(inherited)",
					"@executable_path/Frameworks",
					"@executable_path/../../Frameworks",
				);
				PRODUCT_BUNDLE_IDENTIFIER = com.mohammed.Widgets.WidgetsSample;
				PRODUCT_NAME = "$(TARGET_NAME)";
				SKIP_INSTALL = YES;
				SWIFT_VERSION = 5.0;
				TARGETED_DEVICE_FAMILY = "1,2";
			};
			name = Debug;
		};
		10765C562524AFE900450042 /* Release */ = {
			isa = XCBuildConfiguration;
			buildSettings = {
				ASSETCATALOG_COMPILER_GLOBAL_ACCENT_COLOR_NAME = AccentColor;
				ASSETCATALOG_COMPILER_WIDGET_BACKGROUND_COLOR_NAME = WidgetBackground;
				CODE_SIGN_STYLE = Automatic;
				INFOPLIST_FILE = WidgetsSample/Info.plist;
				LD_RUNPATH_SEARCH_PATHS = (
					"$(inherited)",
					"@executable_path/Frameworks",
					"@executable_path/../../Frameworks",
				);
				PRODUCT_BUNDLE_IDENTIFIER = com.mohammed.Widgets.WidgetsSample;
				PRODUCT_NAME = "$(TARGET_NAME)";
				SKIP_INSTALL = YES;
				SWIFT_VERSION = 5.0;
				TARGETED_DEVICE_FAMILY = "1,2";
			};
			name = Release;
		};
/* End XCBuildConfiguration section */

/* Begin XCConfigurationList section */
		10765C032524AF2E00450042 /* Build configuration list for PBXProject "Widgets" */ = {
			isa = XCConfigurationList;
			buildConfigurations = (
				10765C302524AF3000450042 /* Debug */,
				10765C312524AF3000450042 /* Release */,
			);
			defaultConfigurationIsVisible = 0;
			defaultConfigurationName = Release;
		};
		10765C322524AF3000450042 /* Build configuration list for PBXNativeTarget "Widgets" */ = {
			isa = XCConfigurationList;
			buildConfigurations = (
				10765C332524AF3000450042 /* Debug */,
				10765C342524AF3000450042 /* Release */,
			);
			defaultConfigurationIsVisible = 0;
			defaultConfigurationName = Release;
		};
		10765C352524AF3000450042 /* Build configuration list for PBXNativeTarget "WidgetsTests" */ = {
			isa = XCConfigurationList;
			buildConfigurations = (
				10765C362524AF3000450042 /* Debug */,
				10765C372524AF3000450042 /* Release */,
			);
			defaultConfigurationIsVisible = 0;
			defaultConfigurationName = Release;
		};
		10765C382524AF3000450042 /* Build configuration list for PBXNativeTarget "WidgetsUITests" */ = {
			isa = XCConfigurationList;
			buildConfigurations = (
				10765C392524AF3000450042 /* Debug */,
				10765C3A2524AF3000450042 /* Release */,
			);
			defaultConfigurationIsVisible = 0;
			defaultConfigurationName = Release;
		};
		10765C542524AFE900450042 /* Build configuration list for PBXNativeTarget "WidgetsSampleExtension" */ = {
			isa = XCConfigurationList;
			buildConfigurations = (
				10765C552524AFE900450042 /* Debug */,
				10765C562524AFE900450042 /* Release */,
			);
			defaultConfigurationIsVisible = 0;
			defaultConfigurationName = Release;
		};
/* End XCConfigurationList section */
	};
	rootObject = 10765C002524AF2E00450042 /* Project object */;
}
